
Microsoft Visual Studio Solution File, Format Version 12.00
# Visual Studio Version 17
VisualStudioVersion = 17.3.32929.385
MinimumVisualStudioVersion = 10.0.40219.1
Project("{FAE04EC0-301F-11D3-BF4B-00C04F79EFBC}") = "FindComponents", "FindComponents\FindComponents.csproj", "{89379EB6-4DA6-4A63-B82E-9966F468B8E8}"
EndProject
Global
	GlobalSection(SolutionConfigurationPlatforms) = preSolution
		Debug|Any CPU = Debug|Any CPU
		Release|Any CPU = Release|Any CPU
	EndGlobalSection
	GlobalSection(ProjectConfigurationPlatforms) = postSolution
		{89379EB6-4DA6-4A63-B82E-9966F468B8E8}.Debug|Any CPU.ActiveCfg = Debug|Any CPU
		{89379EB6-4DA6-4A63-B82E-9966F468B8E8}.Debug|Any CPU.Build.0 = Debug|Any CPU
		{89379EB6-4DA6-4A63-B82E-9966F468B8E8}.Release|Any CPU.ActiveCfg = Release|Any CPU
		{89379EB6-4DA6-4A63-B82E-9966F468B8E8}.Release|Any CPU.Build.0 = Release|Any CPU
	EndGlobalSection
	GlobalSection(SolutionProperties) = preSolution
		HideSolutionNode = FALSE
	EndGlobalSection
	GlobalSection(ExtensibilityGlobals) = postSolution
		SolutionGuid = {8369BAB3-ABE3-4A04-8CF2-EB1EA350DA00}
	EndGlobalSection
EndGlobal
